// !$*UTF8*$!
{
	archiveVersion = 1;
	classes = {
	};
	objectVersion = 50;
	objects = {

/* Begin PBXBuildFile section */
		5347C45922A86B99009267CA /* AppDelegate.swift in Sources */ = {isa = PBXBuildFile; fileRef = 5347C45822A86B99009267CA /* AppDelegate.swift */; };
		5347C45E22A86B99009267CA /* Main.storyboard in Resources */ = {isa = PBXBuildFile; fileRef = 5347C45C22A86B99009267CA /* Main.storyboard */; };
		5347C46022A86B9C009267CA /* Assets.xcassets in Resources */ = {isa = PBXBuildFile; fileRef = 5347C45F22A86B9C009267CA /* Assets.xcassets */; };
		5347C46322A86B9C009267CA /* LaunchScreen.storyboard in Resources */ = {isa = PBXBuildFile; fileRef = 5347C46122A86B9C009267CA /* LaunchScreen.storyboard */; };
		5347C46B22A8FB0A009267CA /* TodoListTableViewController.swift in Sources */ = {isa = PBXBuildFile; fileRef = 5347C46A22A8FB0A009267CA /* TodoListTableViewController.swift */; };
		535755FA22AB16B30025F418 /* Item.swift in Sources */ = {isa = PBXBuildFile; fileRef = 535755F922AB16B30025F418 /* Item.swift */; };
/* End PBXBuildFile section */

/* Begin PBXFileReference section */
		5347C45522A86B99009267CA /* Taskflyer.app */ = {isa = PBXFileReference; explicitFileType = wrapper.application; includeInIndex = 0; path = Taskflyer.app; sourceTree = BUILT_PRODUCTS_DIR; };
		5347C45822A86B99009267CA /* AppDelegate.swift */ = {isa = PBXFileReference; lastKnownFileType = sourcecode.swift; path = AppDelegate.swift; sourceTree = "<group>"; };
		5347C45D22A86B99009267CA /* Base */ = {isa = PBXFileReference; lastKnownFileType = file.storyboard; name = Base; path = Base.lproj/Main.storyboard; sourceTree = "<group>"; };
		5347C45F22A86B9C009267CA /* Assets.xcassets */ = {isa = PBXFileReference; lastKnownFileType = folder.assetcatalog; path = Assets.xcassets; sourceTree = "<group>"; };
		5347C46222A86B9C009267CA /* Base */ = {isa = PBXFileReference; lastKnownFileType = file.storyboard; name = Base; path = Base.lproj/LaunchScreen.storyboard; sourceTree = "<group>"; };
		5347C46422A86B9C009267CA /* Info.plist */ = {isa = PBXFileReference; lastKnownFileType = text.plist.xml; path = Info.plist; sourceTree = "<group>"; };
		5347C46A22A8FB0A009267CA /* TodoListTableViewController.swift */ = {isa = PBXFileReference; lastKnownFileType = sourcecode.swift; path = TodoListTableViewController.swift; sourceTree = "<group>"; };
		535755F922AB16B30025F418 /* Item.swift */ = {isa = PBXFileReference; lastKnownFileType = sourcecode.swift; path = Item.swift; sourceTree = "<group>"; };
/* End PBXFileReference section */

/* Begin PBXFrameworksBuildPhase section */
		5347C45222A86B99009267CA /* Frameworks */ = {
			isa = PBXFrameworksBuildPhase;
			buildActionMask = 2147483647;
			files = (
			);
			runOnlyForDeploymentPostprocessing = 0;
		};
/* End PBXFrameworksBuildPhase section */

/* Begin PBXGroup section */
		5347C44C22A86B99009267CA = {
			isa = PBXGroup;
			children = (
				5347C45722A86B99009267CA /* Taskflyer */,
				5347C45622A86B99009267CA /* Products */,
			);
			sourceTree = "<group>";
		};
		5347C45622A86B99009267CA /* Products */ = {
			isa = PBXGroup;
			children = (
				5347C45522A86B99009267CA /* Taskflyer.app */,
			);
			name = Products;
			sourceTree = "<group>";
		};
		5347C45722A86B99009267CA /* Taskflyer */ = {
			isa = PBXGroup;
			children = (
				535755FE22AB17180025F418 /* Utilities */,
				535755FD22AB16FC0025F418 /* View */,
				535755FB22AB16CC0025F418 /* Controllers */,
				535755FC22AB16DD0025F418 /* Data Model */,
				5347C45C22A86B99009267CA /* Main.storyboard */,
				5347C45822A86B99009267CA /* AppDelegate.swift */,
				5347C45F22A86B9C009267CA /* Assets.xcassets */,
				5347C46122A86B9C009267CA /* LaunchScreen.storyboard */,
				5347C46422A86B9C009267CA /* Info.plist */,
			);
			path = Taskflyer;
			sourceTree = "<group>";
		};
		535755FB22AB16CC0025F418 /* Controllers */ = {
			isa = PBXGroup;
			children = (
				5347C46A22A8FB0A009267CA /* TodoListTableViewController.swift */,
			);
			path = Controllers;
			sourceTree = "<group>";
		};
		535755FC22AB16DD0025F418 /* Data Model */ = {
			isa = PBXGroup;
			children = (
				535755F922AB16B30025F418 /* Item.swift */,
			);
			path = "Data Model";
			sourceTree = "<group>";
		};
		535755FD22AB16FC0025F418 /* View */ = {
			isa = PBXGroup;
			children = (
			);
			path = View;
			sourceTree = "<group>";
		};
		535755FE22AB17180025F418 /* Utilities */ = {
			isa = PBXGroup;
			children = (
			);
			path = Utilities;
			sourceTree = "<group>";
		};
/* End PBXGroup section */

/* Begin PBXNativeTarget section */
		5347C45422A86B99009267CA /* Taskflyer */ = {
			isa = PBXNativeTarget;
			buildConfigurationList = 5347C46722A86B9C009267CA /* Build configuration list for PBXNativeTarget "Taskflyer" */;
			buildPhases = (
				5347C45122A86B99009267CA /* Sources */,
				5347C45222A86B99009267CA /* Frameworks */,
				5347C45322A86B99009267CA /* Resources */,
			);
			buildRules = (
			);
			dependencies = (
			);
			name = Taskflyer;
			productName = Taskflyer;
			productReference = 5347C45522A86B99009267CA /* Taskflyer.app */;
			productType = "com.apple.product-type.application";
		};
/* End PBXNativeTarget section */

/* Begin PBXProject section */
		5347C44D22A86B99009267CA /* Project object */ = {
			isa = PBXProject;
			attributes = {
				LastSwiftUpdateCheck = 1020;
				LastUpgradeCheck = 1020;
				ORGANIZATIONNAME = "Amit Biswas";
				TargetAttributes = {
					5347C45422A86B99009267CA = {
						CreatedOnToolsVersion = 10.2.1;
					};
				};
			};
			buildConfigurationList = 5347C45022A86B99009267CA /* Build configuration list for PBXProject "Taskflyer" */;
			compatibilityVersion = "Xcode 9.3";
			developmentRegion = en;
			hasScannedForEncodings = 0;
			knownRegions = (
				en,
				Base,
			);
			mainGroup = 5347C44C22A86B99009267CA;
			productRefGroup = 5347C45622A86B99009267CA /* Products */;
			projectDirPath = "";
			projectRoot = "";
			targets = (
				5347C45422A86B99009267CA /* Taskflyer */,
			);
		};
/* End PBXProject section */

/* Begin PBXResourcesBuildPhase section */
		5347C45322A86B99009267CA /* Resources */ = {
			isa = PBXResourcesBuildPhase;
			buildActionMask = 2147483647;
			files = (
				5347C46322A86B9C009267CA /* LaunchScreen.storyboard in Resources */,
				5347C46022A86B9C009267CA /* Assets.xcassets in Resources */,
				5347C45E22A86B99009267CA /* Main.storyboard in Resources */,
			);
			runOnlyForDeploymentPostprocessing = 0;
		};
/* End PBXResourcesBuildPhase section */

/* Begin PBXSourcesBuildPhase section */
		5347C45122A86B99009267CA /* Sources */ = {
			isa = PBXSourcesBuildPhase;
			buildActionMask = 2147483647;
			files = (
				5347C45922A86B99009267CA /* AppDelegate.swift in Sources */,
				535755FA22AB16B30025F418 /* Item.swift in Sources */,
				5347C46B22A8FB0A009267CA /* TodoListTableViewController.swift in Sources */,
			);
			runOnlyForDeploymentPostprocessing = 0;
		};
/* End PBXSourcesBuildPhase section */

/* Begin PBXVariantGroup section */
		5347C45C22A86B99009267CA /* Main.storyboard */ = {
			isa = PBXVariantGroup;
			children = (
				5347C45D22A86B99009267CA /* Base */,
			);
			name = Main.storyboard;
			sourceTree = "<group>";
		};
		5347C46122A86B9C009267CA /* LaunchScreen.storyboard */ = {
			isa = PBXVariantGroup;
			children = (
				5347C46222A86B9C009267CA /* Base */,
			);
			name = LaunchScreen.storyboard;
			sourceTree = "<group>";
		};
/* End PBXVariantGroup section */

/* Begin XCBuildConfiguration section */
		5347C46522A86B9C009267CA /* Debug */ = {
			isa = XCBuildConfiguration;
			buildSettings = {
				ALWAYS_SEARCH_USER_PATHS = NO;
				CLANG_ANALYZER_NONNULL = YES;
				CLANG_ANALYZER_NUMBER_OBJECT_CONVERSION = YES_AGGRESSIVE;
				CLANG_CXX_LANGUAGE_STANDARD = "gnu++14";
				CLANG_CXX_LIBRARY = "libc++";
				CLANG_ENABLE_MODULES = YES;
				CLANG_ENABLE_OBJC_ARC = YES;
				CLANG_ENABLE_OBJC_WEAK = YES;
				CLANG_WARN_BLOCK_CAPTURE_AUTORELEASING = YES;
				CLANG_WARN_BOOL_CONVERSION = YES;
				CLANG_WARN_COMMA = YES;
				CLANG_WARN_CONSTANT_CONVERSION = YES;
				CLANG_WARN_DEPRECATED_OBJC_IMPLEMENTATIONS = YES;
				CLANG_WARN_DIRECT_OBJC_ISA_USAGE = YES_ERROR;
				CLANG_WARN_DOCUMENTATION_COMMENTS = YES;
				CLANG_WARN_EMPTY_BODY = YES;
				CLANG_WARN_ENUM_CONVERSION = YES;
				CLANG_WARN_INFINITE_RECURSION = YES;
				CLANG_WARN_INT_CONVERSION = YES;
				CLANG_WARN_NON_LITERAL_NULL_CONVERSION = YES;
				CLANG_WARN_OBJC_IMPLICIT_RETAIN_SELF = YES;
				CLANG_WARN_OBJC_LITERAL_CONVERSION = YES;
				CLANG_WARN_OBJC_ROOT_CLASS = YES_ERROR;
				CLANG_WARN_RANGE_LOOP_ANALYSIS = YES;
				CLANG_WARN_STRICT_PROTOTYPES = YES;
				CLANG_WARN_SUSPICIOUS_MOVE = YES;
				CLANG_WARN_UNGUARDED_AVAILABILITY = YES_AGGRESSIVE;
				CLANG_WARN_UNREACHABLE_CODE = YES;
				CLANG_WARN__DUPLICATE_METHOD_MATCH = YES;
				CODE_SIGN_IDENTITY = "iPhone Developer";
				COPY_PHASE_STRIP = NO;
				DEBUG_INFORMATION_FORMAT = dwarf;
				ENABLE_STRICT_OBJC_MSGSEND = YES;
				ENABLE_TESTABILITY = YES;
				GCC_C_LANGUAGE_STANDARD = gnu11;
				GCC_DYNAMIC_NO_PIC = NO;
				GCC_NO_COMMON_BLOCKS = YES;
				GCC_OPTIMIZATION_LEVEL = 0;
				GCC_PREPROCESSOR_DEFINITIONS = (
					"DEBUG=1",
					"$(inherited)",
				);
				GCC_WARN_64_TO_32_BIT_CONVERSION = YES;
				GCC_WARN_ABOUT_RETURN_TYPE = YES_ERROR;
				GCC_WARN_UNDECLARED_SELECTOR = YES;
				GCC_WARN_UNINITIALIZED_AUTOS = YES_AGGRESSIVE;
				GCC_WARN_UNUSED_FUNCTION = YES;
				GCC_WARN_UNUSED_VARIABLE = YES;
				IPHONEOS_DEPLOYMENT_TARGET = 12.2;
				MTL_ENABLE_DEBUG_INFO = INCLUDE_SOURCE;
				MTL_FAST_MATH = YES;
				ONLY_ACTIVE_ARCH = YES;
				SDKROOT = iphoneos;
				SWIFT_ACTIVE_COMPILATION_CONDITIONS = DEBUG;
				SWIFT_OPTIMIZATION_LEVEL = "-Onone";
			};
			name = Debug;
		};
		5347C46622A86B9C009267CA /* Release */ = {
			isa = XCBuildConfiguration;
			buildSettings = {
				ALWAYS_SEARCH_USER_PATHS = NO;
				CLANG_ANALYZER_NONNULL = YES;
				CLANG_ANALYZER_NUMBER_OBJECT_CONVERSION = YES_AGGRESSIVE;
				CLANG_CXX_LANGUAGE_STANDARD = "gnu++14";
				CLANG_CXX_LIBRARY = "libc++";
				CLANG_ENABLE_MODULES = YES;
				CLANG_ENABLE_OBJC_ARC = YES;
				CLANG_ENABLE_OBJC_WEAK = YES;
				CLANG_WARN_BLOCK_CAPTURE_AUTORELEASING = YES;
				CLANG_WARN_BOOL_CONVERSION = YES;
				CLANG_WARN_COMMA = YES;
				CLANG_WARN_CONSTANT_CONVERSION = YES;
				CLANG_WARN_DEPRECATED_OBJC_IMPLEMENTATIONS = YES;
				CLANG_WARN_DIRECT_OBJC_ISA_USAGE = YES_ERROR;
				CLANG_WARN_DOCUMENTATION_COMMENTS = YES;
				CLANG_WARN_EMPTY_BODY = YES;
				CLANG_WARN_ENUM_CONVERSION = YES;
				CLANG_WARN_INFINITE_RECURSION = YES;
				CLANG_WARN_INT_CONVERSION = YES;
				CLANG_WARN_NON_LITERAL_NULL_CONVERSION = YES;
				CLANG_WARN_OBJC_IMPLICIT_RETAIN_SELF = YES;
				CLANG_WARN_OBJC_LITERAL_CONVERSION = YES;
				CLANG_WARN_OBJC_ROOT_CLASS = YES_ERROR;
				CLANG_WARN_RANGE_LOOP_ANALYSIS = YES;
				CLANG_WARN_STRICT_PROTOTYPES = YES;
				CLANG_WARN_SUSPICIOUS_MOVE = YES;
				CLANG_WARN_UNGUARDED_AVAILABILITY = YES_AGGRESSIVE;
				CLANG_WARN_UNREACHABLE_CODE = YES;
				CLANG_WARN__DUPLICATE_METHOD_MATCH = YES;
				CODE_SIGN_IDENTITY = "iPhone Developer";
				COPY_PHASE_STRIP = NO;
				DEBUG_INFORMATION_FORMAT = "dwarf-with-dsym";
				ENABLE_NS_ASSERTIONS = NO;
				ENABLE_STRICT_OBJC_MSGSEND = YES;
				GCC_C_LANGUAGE_STANDARD = gnu11;
				GCC_NO_COMMON_BLOCKS = YES;
				GCC_WARN_64_TO_32_BIT_CONVERSION = YES;
				GCC_WARN_ABOUT_RETURN_TYPE = YES_ERROR;
				GCC_WARN_UNDECLARED_SELECTOR = YES;
				GCC_WARN_UNINITIALIZED_AUTOS = YES_AGGRESSIVE;
				GCC_WARN_UNUSED_FUNCTION = YES;
				GCC_WARN_UNUSED_VARIABLE = YES;
				IPHONEOS_DEPLOYMENT_TARGET = 12.2;
				MTL_ENABLE_DEBUG_INFO = NO;
				MTL_FAST_MATH = YES;
				SDKROOT = iphoneos;
				SWIFT_COMPILATION_MODE = wholemodule;
				SWIFT_OPTIMIZATION_LEVEL = "-O";
				VALIDATE_PRODUCT = YES;
			};
			name = Release;
		};
		5347C46822A86B9C009267CA /* Debug */ = {
			isa = XCBuildConfiguration;
			buildSettings = {
				ASSETCATALOG_COMPILER_APPICON_NAME = AppIcon;
				CODE_SIGN_STYLE = Automatic;
				DEVELOPMENT_TEAM = 8CW2632N57;
				INFOPLIST_FILE = Taskflyer/Info.plist;
				LD_RUNPATH_SEARCH_PATHS = (
					"$(inherited)",
					"@executable_path/Frameworks",
				);
				PRODUCT_BUNDLE_IDENTIFIER = com.sample.wireviewer.Taskflyer;
				PRODUCT_NAME = "$(TARGET_NAME)";
				SWIFT_VERSION = 5.0;
				TARGETED_DEVICE_FAMILY = "1,2";
			};
			name = Debug;
		};
		5347C46922A86B9C009267CA /* Release */ = {
			isa = XCBuildConfiguration;
			buildSettings = {
				ASSETCATALOG_COMPILER_APPICON_NAME = AppIcon;
				CODE_SIGN_STYLE = Automatic;
				DEVELOPMENT_TEAM = 8CW2632N57;
				INFOPLIST_FILE = Taskflyer/Info.plist;
				LD_RUNPATH_SEARCH_PATHS = (
					"$(inherited)",
					"@executable_path/Frameworks",
				);
				PRODUCT_BUNDLE_IDENTIFIER = com.sample.wireviewer.Taskflyer;
				PRODUCT_NAME = "$(TARGET_NAME)";
				SWIFT_VERSION = 5.0;
				TARGETED_DEVICE_FAMILY = "1,2";
			};
			name = Release;
		};
/* End XCBuildConfiguration section */

/* Begin XCConfigurationList section */
		5347C45022A86B99009267CA /* Build configuration list for PBXProject "Taskflyer" */ = {
			isa = XCConfigurationList;
			buildConfigurations = (
				5347C46522A86B9C009267CA /* Debug */,
				5347C46622A86B9C009267CA /* Release */,
			);
			defaultConfigurationIsVisible = 0;
			defaultConfigurationName = Release;
		};
		5347C46722A86B9C009267CA /* Build configuration list for PBXNativeTarget "Taskflyer" */ = {
			isa = XCConfigurationList;
			buildConfigurations = (
				5347C46822A86B9C009267CA /* Debug */,
				5347C46922A86B9C009267CA /* Release */,
			);
			defaultConfigurationIsVisible = 0;
			defaultConfigurationName = Release;
		};
/* End XCConfigurationList section */
	};
	rootObject = 5347C44D22A86B99009267CA /* Project object */;
}
